// !$*UTF8*$!
{
	archiveVersion = 1;
	classes = {
	};
	objectVersion = 56;
	objects = {

/* Begin PBXBuildFile section */
		AC9752F788CA49DDA4162F2B /* Assets.xcassets in Resources */ = {isa = PBXBuildFile; fileRef = 2253C148B2B34386A9DD088D /* Assets.xcassets */; };
		957AA55567C9485F8BEEE74E /* AppConfig.swift in Sources */ = {isa = PBXBuildFile; fileRef = 8D46112C2A3D4052BFC9E0EC /* AppConfig.swift */; };
		F3CE4F5BA4D747A6BBFE1952 /* ContentView.swift in Sources */ = {isa = PBXBuildFile; fileRef = BDFBF222BBFE422CB9EC0A45 /* ContentView.swift */; };
		DF8AFE5C96124F2BAD5B9470 /* DictationStatus.swift in Sources */ = {isa = PBXBuildFile; fileRef = 67D423B4B9E34B94B57E6BF4 /* DictationStatus.swift */; };
		1009C2AC4D284288952416C6 /* GemmaTranscribeApp.swift in Sources */ = {isa = PBXBuildFile; fileRef = 1A95A147A6D14CA4A3792CC8 /* GemmaTranscribeApp.swift */; };
		CD019AB40C9C471980A34FD6 /* AudioSessionCoordinator.swift in Sources */ = {isa = PBXBuildFile; fileRef = 0B88CEBBA48B492D90D19690 /* AudioSessionCoordinator.swift */; };
		C81D1512237D4ABA9D4F7BC9 /* RecordingWaveformStore.swift in Sources */ = {isa = PBXBuildFile; fileRef = FE2C5DCA255F4FBE8A4B9F5B /* RecordingWaveformStore.swift */; };
		AD7DFCFF6B3144AEBB0A3DD5 /* UnifiedAudioCapture.swift in Sources */ = {isa = PBXBuildFile; fileRef = B8DA58EDC07548278D4C7590 /* UnifiedAudioCapture.swift */; };
		0858EDD2872F4B8081029CCF /* CloudflareBrainService.swift in Sources */ = {isa = PBXBuildFile; fileRef = B3BDDB185EEF4FC28C8AED72 /* CloudflareBrainService.swift */; };
		C30B065DC038451A99F4BE72 /* CloudflareResponse.swift in Sources */ = {isa = PBXBuildFile; fileRef = F4CE5FA916214C89B7DFECBF /* CloudflareResponse.swift */; };
		2FB50C8D071B44B8AC4E0D59 /* AnimatedMicButton.swift in Sources */ = {isa = PBXBuildFile; fileRef = 826FE9E264EF4E078A14C2FC /* AnimatedMicButton.swift */; };
		EA4244E1AE164D138E1BB960 /* AppColors.swift in Sources */ = {isa = PBXBuildFile; fileRef = 03B8421AB9E54DA5A2ED07BD /* AppColors.swift */; };
		E9A23E7968C444B998760DF8 /* BrandWaveform.swift in Sources */ = {isa = PBXBuildFile; fileRef = 0DD4867BC61E42D6B67FF47D /* BrandWaveform.swift */; };
		3E8CD7C0DD89417F972B2E8C /* DictusColors.swift in Sources */ = {isa = PBXBuildFile; fileRef = 79005A97E7C14083B8E6EC22 /* DictusColors.swift */; };
		53F4555663E1416DB6576CD0 /* GlassModifier.swift in Sources */ = {isa = PBXBuildFile; fileRef = 3BC1583374294044A6D2062D /* GlassModifier.swift */; };
		A0CE049DF5944AE7A4887DC2 /* GlassBackgroundExtension.swift in Sources */ = {isa = PBXBuildFile; fileRef = 2EEA7825BE34461D910BD1A8 /* GlassBackgroundExtension.swift */; };
		7B77CD0539BB4F20AFD39AE3 /* GlassBottomAccessory.swift in Sources */ = {isa = PBXBuildFile; fileRef = 9036248E7A2B48F3964FC525 /* GlassBottomAccessory.swift */; };
		95387A386E594AC1A7B20D47 /* GlassButton.swift in Sources */ = {isa = PBXBuildFile; fileRef = 7AA331DA8F59459B96AF7656 /* GlassButton.swift */; };
		067E2E24E61D4E10B3A77F76 /* GlassCard.swift in Sources */ = {isa = PBXBuildFile; fileRef = 78F42CD6E78B44B19FCDD170 /* GlassCard.swift */; };
		9E298FE720B64D35963413F0 /* GlassColorContrast.swift in Sources */ = {isa = PBXBuildFile; fileRef = ACF706F8B6C241F08D051519 /* GlassColorContrast.swift */; };
		B501F4FFB8C3445C92AB6C75 /* GlassEffectContainer.swift in Sources */ = {isa = PBXBuildFile; fileRef = 0457D15F28D047DDB3A82DF5 /* GlassEffectContainer.swift */; };
		ABA511E9F1384DD38F020696 /* GlassMaterial.swift in Sources */ = {isa = PBXBuildFile; fileRef = 52D485EC028849259488147C /* GlassMaterial.swift */; };
		FB226C2DD27E44C89762E3DE /* GlassMorphUnion.swift in Sources */ = {isa = PBXBuildFile; fileRef = 4138711334B34C14914D74D1 /* GlassMorphUnion.swift */; };
		D4CD74E75B9E4645BA07E070 /* GlassStyle.swift in Sources */ = {isa = PBXBuildFile; fileRef = 7601BA0571F9436ABEDFA7B9 /* GlassStyle.swift */; };
		9CDBFC424F434781A8DFAE0C /* GlassTabBar.swift in Sources */ = {isa = PBXBuildFile; fileRef = 01FB513AA3FD4F26B42EE209 /* GlassTabBar.swift */; };
		EA2CECA9186E4BDD8FE2AF9B /* GlassTintKey.swift in Sources */ = {isa = PBXBuildFile; fileRef = 1F065B5BB26545CE91DE5386 /* GlassTintKey.swift */; };
		FAE330991C6B4316B99B40A1 /* View+Glass.swift in Sources */ = {isa = PBXBuildFile; fileRef = 693CA59F15D64D44894A6660 /* View+Glass.swift */; };
		8EBE4AF60FED404FAE3AFB1B /* PersistentLog.swift in Sources */ = {isa = PBXBuildFile; fileRef = 37566159A11649EC8C31B968 /* PersistentLog.swift */; };
		7CAB1C5F37014BE3B92B219F /* ProcessingAnimation.swift in Sources */ = {isa = PBXBuildFile; fileRef = B076E35112B641AA80AF6A9E /* ProcessingAnimation.swift */; };
		1153C0E02B1C4349BCCBFA17 /* ProcessingWaveform.swift in Sources */ = {isa = PBXBuildFile; fileRef = BF4CE1AFC81440409536D40E /* ProcessingWaveform.swift */; };
		61A59C393D8040DEB2F49CC1 /* SmartModeBadge.swift in Sources */ = {isa = PBXBuildFile; fileRef = 7405E97629F8440099677273 /* SmartModeBadge.swift */; };
		09C9DF5128474A4DB9B67837 /* WaveformAnimation.swift in Sources */ = {isa = PBXBuildFile; fileRef = 3015F2B0A88043E9B99F9F7C /* WaveformAnimation.swift */; };
		81E94030D5464AF9B89C914A /* TranscriptionHistoryStore.swift in Sources */ = {isa = PBXBuildFile; fileRef = 90A9A8A1EB83415EB111A6E7 /* TranscriptionHistoryStore.swift */; };
		25570A0FEFC74D73A77EF490 /* TranscriptionRecord.swift in Sources */ = {isa = PBXBuildFile; fileRef = 903DBE1E6B274135BD609149 /* TranscriptionRecord.swift */; };
		4DA11EEA439E47338EEF7F18 /* HuggingFaceSearchService.swift in Sources */ = {isa = PBXBuildFile; fileRef = 8A3CCA79819746FB86E094E2 /* HuggingFaceSearchService.swift */; };
		DABEF7983ECD46D89D2C7CF6 /* LiteRTGemmaEngine.swift in Sources */ = {isa = PBXBuildFile; fileRef = 320AA8E0260442B9A54635A5 /* LiteRTGemmaEngine.swift */; };
		9853F87BA3C747A199097AF5 /* ModelInfo.swift in Sources */ = {isa = PBXBuildFile; fileRef = 6A7D366BA5D740AFB556AE96 /* ModelInfo.swift */; };
		B287AEDFD61E4986924B04C0 /* ModelManager.swift in Sources */ = {isa = PBXBuildFile; fileRef = DC1E6EAE07C043C4941FB5CA /* ModelManager.swift */; };
		BE6754B2D28C42C4BAE146E2 /* ModelRepoDownloader.swift in Sources */ = {isa = PBXBuildFile; fileRef = E5E49DC784B44079AB7EC7AA /* ModelRepoDownloader.swift */; };
		C455B243373C4057AF743EF9 /* SpeechModelEngine.swift in Sources */ = {isa = PBXBuildFile; fileRef = 756694E69CAE43E18FF1FF8D /* SpeechModelEngine.swift */; };
		6A7D1F4E1824410DA900FAA0 /* LiveTranscriptionCoordinator.swift in Sources */ = {isa = PBXBuildFile; fileRef = 9830839D912741039725102B /* LiveTranscriptionCoordinator.swift */; };
		DE9490139FBA4BF4A93C0815 /* TranscriptCleaner.swift in Sources */ = {isa = PBXBuildFile; fileRef = 260528DCAD1049AC881F3807 /* TranscriptCleaner.swift */; };
		E8A6B209421E45B4B271EDEF /* TranscriptionLine.swift in Sources */ = {isa = PBXBuildFile; fileRef = E9FDBA354D064A26A2EABAD5 /* TranscriptionLine.swift */; };
		8C5AA198A27C4DAE8A2ABB9F /* AboutAttributionView.swift in Sources */ = {isa = PBXBuildFile; fileRef = A3EBE418F5D14EB5A2945712 /* AboutAttributionView.swift */; };
		68DA65FA266144FB84880870 /* HistoryView.swift in Sources */ = {isa = PBXBuildFile; fileRef = 9013380F1F564A2F831CD739 /* HistoryView.swift */; };
		E740F5DAE5054999B2B2417E /* HomeRecordingView.swift in Sources */ = {isa = PBXBuildFile; fileRef = 8CEA0F34DF9043F29B6D5CB2 /* HomeRecordingView.swift */; };
		6AF827CF8FB44A229371C200 /* ModelCardView.swift in Sources */ = {isa = PBXBuildFile; fileRef = 770FF1FC97DF4818B97C72A5 /* ModelCardView.swift */; };
		6E017F4460454F16BAB2280E /* ModelManagerView.swift in Sources */ = {isa = PBXBuildFile; fileRef = 282FE96B4E8F4ED4BF35AD0A /* ModelManagerView.swift */; };
		456298C124E14454ADC7745D /* PostStopResultCardView.swift in Sources */ = {isa = PBXBuildFile; fileRef = A66D644A16704FD4A5A5550A /* PostStopResultCardView.swift */; };
		ECDB1A0442D04180BD030F89 /* RealtimeTranscriptView.swift in Sources */ = {isa = PBXBuildFile; fileRef = E9AF60098DF24798ACC184C5 /* RealtimeTranscriptView.swift */; };
		6DDAFAE73CA54AAF9AEDAAC8 /* SettingsView.swift in Sources */ = {isa = PBXBuildFile; fileRef = 8F32E5307F7440D8888AF3F7 /* SettingsView.swift */; };
		41C7A45D8DD546ECA09B457C /* TranscriptionDetailView.swift in Sources */ = {isa = PBXBuildFile; fileRef = 7CC9E6DD55BE476CA7183B06 /* TranscriptionDetailView.swift */; };
/* End PBXBuildFile section */

/* Begin PBXFileReference section */
		CFA1140C430449D7A11B794E /* GemmaTranscribe.app */ = {isa = PBXFileReference; explicitFileType = wrapper.application; includeInIndex = 0; path = GemmaTranscribe.app; sourceTree = BUILT_PRODUCTS_DIR; };
		2253C148B2B34386A9DD088D /* Assets.xcassets */ = {isa = PBXFileReference; lastKnownFileType = folder.assetcatalog; path = Assets.xcassets; sourceTree = "<group>"; };
		8D46112C2A3D4052BFC9E0EC /* AppConfig.swift */ = {isa = PBXFileReference; lastKnownFileType = sourcecode.swift; name = "AppConfig.swift"; path = "GemmaTranscribe/App/AppConfig.swift"; sourceTree = "<group>"; };
		BDFBF222BBFE422CB9EC0A45 /* ContentView.swift */ = {isa = PBXFileReference; lastKnownFileType = sourcecode.swift; name = "ContentView.swift"; path = "GemmaTranscribe/App/ContentView.swift"; sourceTree = "<group>"; };
		67D423B4B9E34B94B57E6BF4 /* DictationStatus.swift */ = {isa = PBXFileReference; lastKnownFileType = sourcecode.swift; name = "DictationStatus.swift"; path = "GemmaTranscribe/App/DictationStatus.swift"; sourceTree = "<group>"; };
		1A95A147A6D14CA4A3792CC8 /* GemmaTranscribeApp.swift */ = {isa = PBXFileReference; lastKnownFileType = sourcecode.swift; name = "GemmaTranscribeApp.swift"; path = "GemmaTranscribe/App/GemmaTranscribeApp.swift"; sourceTree = "<group>"; };
		0B88CEBBA48B492D90D19690 /* AudioSessionCoordinator.swift */ = {isa = PBXFileReference; lastKnownFileType = sourcecode.swift; name = "AudioSessionCoordinator.swift"; path = "GemmaTranscribe/Audio/AudioSessionCoordinator.swift"; sourceTree = "<group>"; };
		FE2C5DCA255F4FBE8A4B9F5B /* RecordingWaveformStore.swift */ = {isa = PBXFileReference; lastKnownFileType = sourcecode.swift; name = "RecordingWaveformStore.swift"; path = "GemmaTranscribe/Audio/RecordingWaveformStore.swift"; sourceTree = "<group>"; };
		B8DA58EDC07548278D4C7590 /* UnifiedAudioCapture.swift */ = {isa = PBXFileReference; lastKnownFileType = sourcecode.swift; name = "UnifiedAudioCapture.swift"; path = "GemmaTranscribe/Audio/UnifiedAudioCapture.swift"; sourceTree = "<group>"; };
		B3BDDB185EEF4FC28C8AED72 /* CloudflareBrainService.swift */ = {isa = PBXFileReference; lastKnownFileType = sourcecode.swift; name = "CloudflareBrainService.swift"; path = "GemmaTranscribe/Cloudflare/CloudflareBrainService.swift"; sourceTree = "<group>"; };
		F4CE5FA916214C89B7DFECBF /* CloudflareResponse.swift */ = {isa = PBXFileReference; lastKnownFileType = sourcecode.swift; name = "CloudflareResponse.swift"; path = "GemmaTranscribe/Cloudflare/CloudflareResponse.swift"; sourceTree = "<group>"; };
		826FE9E264EF4E078A14C2FC /* AnimatedMicButton.swift */ = {isa = PBXFileReference; lastKnownFileType = sourcecode.swift; name = "AnimatedMicButton.swift"; path = "GemmaTranscribe/Design/AnimatedMicButton.swift"; sourceTree = "<group>"; };
		03B8421AB9E54DA5A2ED07BD /* AppColors.swift */ = {isa = PBXFileReference; lastKnownFileType = sourcecode.swift; name = "AppColors.swift"; path = "GemmaTranscribe/Design/AppColors.swift"; sourceTree = "<group>"; };
		0DD4867BC61E42D6B67FF47D /* BrandWaveform.swift */ = {isa = PBXFileReference; lastKnownFileType = sourcecode.swift; name = "BrandWaveform.swift"; path = "GemmaTranscribe/Design/BrandWaveform.swift"; sourceTree = "<group>"; };
		79005A97E7C14083B8E6EC22 /* DictusColors.swift */ = {isa = PBXFileReference; lastKnownFileType = sourcecode.swift; name = "DictusColors.swift"; path = "GemmaTranscribe/Design/DictusColors.swift"; sourceTree = "<group>"; };
		3BC1583374294044A6D2062D /* GlassModifier.swift */ = {isa = PBXFileReference; lastKnownFileType = sourcecode.swift; name = "GlassModifier.swift"; path = "GemmaTranscribe/Design/GlassModifier.swift"; sourceTree = "<group>"; };
		2EEA7825BE34461D910BD1A8 /* GlassBackgroundExtension.swift */ = {isa = PBXFileReference; lastKnownFileType = sourcecode.swift; name = "GlassBackgroundExtension.swift"; path = "GemmaTranscribe/Design/LiquidGlass/GlassBackgroundExtension.swift"; sourceTree = "<group>"; };
		9036248E7A2B48F3964FC525 /* GlassBottomAccessory.swift */ = {isa = PBXFileReference; lastKnownFileType = sourcecode.swift; name = "GlassBottomAccessory.swift"; path = "GemmaTranscribe/Design/LiquidGlass/GlassBottomAccessory.swift"; sourceTree = "<group>"; };
		7AA331DA8F59459B96AF7656 /* GlassButton.swift */ = {isa = PBXFileReference; lastKnownFileType = sourcecode.swift; name = "GlassButton.swift"; path = "GemmaTranscribe/Design/LiquidGlass/GlassButton.swift"; sourceTree = "<group>"; };
		78F42CD6E78B44B19FCDD170 /* GlassCard.swift */ = {isa = PBXFileReference; lastKnownFileType = sourcecode.swift; name = "GlassCard.swift"; path = "GemmaTranscribe/Design/LiquidGlass/GlassCard.swift"; sourceTree = "<group>"; };
		ACF706F8B6C241F08D051519 /* GlassColorContrast.swift */ = {isa = PBXFileReference; lastKnownFileType = sourcecode.swift; name = "GlassColorContrast.swift"; path = "GemmaTranscribe/Design/LiquidGlass/GlassColorContrast.swift"; sourceTree = "<group>"; };
		0457D15F28D047DDB3A82DF5 /* GlassEffectContainer.swift */ = {isa = PBXFileReference; lastKnownFileType = sourcecode.swift; name = "GlassEffectContainer.swift"; path = "GemmaTranscribe/Design/LiquidGlass/GlassEffectContainer.swift"; sourceTree = "<group>"; };
		52D485EC028849259488147C /* GlassMaterial.swift */ = {isa = PBXFileReference; lastKnownFileType = sourcecode.swift; name = "GlassMaterial.swift"; path = "GemmaTranscribe/Design/LiquidGlass/GlassMaterial.swift"; sourceTree = "<group>"; };
		4138711334B34C14914D74D1 /* GlassMorphUnion.swift */ = {isa = PBXFileReference; lastKnownFileType = sourcecode.swift; name = "GlassMorphUnion.swift"; path = "GemmaTranscribe/Design/LiquidGlass/GlassMorphUnion.swift"; sourceTree = "<group>"; };
		7601BA0571F9436ABEDFA7B9 /* GlassStyle.swift */ = {isa = PBXFileReference; lastKnownFileType = sourcecode.swift; name = "GlassStyle.swift"; path = "GemmaTranscribe/Design/LiquidGlass/GlassStyle.swift"; sourceTree = "<group>"; };
		01FB513AA3FD4F26B42EE209 /* GlassTabBar.swift */ = {isa = PBXFileReference; lastKnownFileType = sourcecode.swift; name = "GlassTabBar.swift"; path = "GemmaTranscribe/Design/LiquidGlass/GlassTabBar.swift"; sourceTree = "<group>"; };
		1F065B5BB26545CE91DE5386 /* GlassTintKey.swift */ = {isa = PBXFileReference; lastKnownFileType = sourcecode.swift; name = "GlassTintKey.swift"; path = "GemmaTranscribe/Design/LiquidGlass/GlassTintKey.swift"; sourceTree = "<group>"; };
		693CA59F15D64D44894A6660 /* View+Glass.swift */ = {isa = PBXFileReference; lastKnownFileType = sourcecode.swift; name = "View+Glass.swift"; path = "GemmaTranscribe/Design/LiquidGlass/View+Glass.swift"; sourceTree = "<group>"; };
		37566159A11649EC8C31B968 /* PersistentLog.swift */ = {isa = PBXFileReference; lastKnownFileType = sourcecode.swift; name = "PersistentLog.swift"; path = "GemmaTranscribe/Design/PersistentLog.swift"; sourceTree = "<group>"; };
		B076E35112B641AA80AF6A9E /* ProcessingAnimation.swift */ = {isa = PBXFileReference; lastKnownFileType = sourcecode.swift; name = "ProcessingAnimation.swift"; path = "GemmaTranscribe/Design/ProcessingAnimation.swift"; sourceTree = "<group>"; };
		BF4CE1AFC81440409536D40E /* ProcessingWaveform.swift */ = {isa = PBXFileReference; lastKnownFileType = sourcecode.swift; name = "ProcessingWaveform.swift"; path = "GemmaTranscribe/Design/ProcessingWaveform.swift"; sourceTree = "<group>"; };
		7405E97629F8440099677273 /* SmartModeBadge.swift */ = {isa = PBXFileReference; lastKnownFileType = sourcecode.swift; name = "SmartModeBadge.swift"; path = "GemmaTranscribe/Design/SmartModeBadge.swift"; sourceTree = "<group>"; };
		3015F2B0A88043E9B99F9F7C /* WaveformAnimation.swift */ = {isa = PBXFileReference; lastKnownFileType = sourcecode.swift; name = "WaveformAnimation.swift"; path = "GemmaTranscribe/Design/WaveformAnimation.swift"; sourceTree = "<group>"; };
		90A9A8A1EB83415EB111A6E7 /* TranscriptionHistoryStore.swift */ = {isa = PBXFileReference; lastKnownFileType = sourcecode.swift; name = "TranscriptionHistoryStore.swift"; path = "GemmaTranscribe/History/TranscriptionHistoryStore.swift"; sourceTree = "<group>"; };
		903DBE1E6B274135BD609149 /* TranscriptionRecord.swift */ = {isa = PBXFileReference; lastKnownFileType = sourcecode.swift; name = "TranscriptionRecord.swift"; path = "GemmaTranscribe/History/TranscriptionRecord.swift"; sourceTree = "<group>"; };
		8A3CCA79819746FB86E094E2 /* HuggingFaceSearchService.swift */ = {isa = PBXFileReference; lastKnownFileType = sourcecode.swift; name = "HuggingFaceSearchService.swift"; path = "GemmaTranscribe/Models/HuggingFaceSearchService.swift"; sourceTree = "<group>"; };
		320AA8E0260442B9A54635A5 /* LiteRTGemmaEngine.swift */ = {isa = PBXFileReference; lastKnownFileType = sourcecode.swift; name = "LiteRTGemmaEngine.swift"; path = "GemmaTranscribe/Models/LiteRTGemmaEngine.swift"; sourceTree = "<group>"; };
		6A7D366BA5D740AFB556AE96 /* ModelInfo.swift */ = {isa = PBXFileReference; lastKnownFileType = sourcecode.swift; name = "ModelInfo.swift"; path = "GemmaTranscribe/Models/ModelInfo.swift"; sourceTree = "<group>"; };
		DC1E6EAE07C043C4941FB5CA /* ModelManager.swift */ = {isa = PBXFileReference; lastKnownFileType = sourcecode.swift; name = "ModelManager.swift"; path = "GemmaTranscribe/Models/ModelManager.swift"; sourceTree = "<group>"; };
		E5E49DC784B44079AB7EC7AA /* ModelRepoDownloader.swift */ = {isa = PBXFileReference; lastKnownFileType = sourcecode.swift; name = "ModelRepoDownloader.swift"; path = "GemmaTranscribe/Models/ModelRepoDownloader.swift"; sourceTree = "<group>"; };
		756694E69CAE43E18FF1FF8D /* SpeechModelEngine.swift */ = {isa = PBXFileReference; lastKnownFileType = sourcecode.swift; name = "SpeechModelEngine.swift"; path = "GemmaTranscribe/Models/SpeechModelEngine.swift"; sourceTree = "<group>"; };
		9830839D912741039725102B /* LiveTranscriptionCoordinator.swift */ = {isa = PBXFileReference; lastKnownFileType = sourcecode.swift; name = "LiveTranscriptionCoordinator.swift"; path = "GemmaTranscribe/Transcription/LiveTranscriptionCoordinator.swift"; sourceTree = "<group>"; };
		260528DCAD1049AC881F3807 /* TranscriptCleaner.swift */ = {isa = PBXFileReference; lastKnownFileType = sourcecode.swift; name = "TranscriptCleaner.swift"; path = "GemmaTranscribe/Transcription/TranscriptCleaner.swift"; sourceTree = "<group>"; };
		E9FDBA354D064A26A2EABAD5 /* TranscriptionLine.swift */ = {isa = PBXFileReference; lastKnownFileType = sourcecode.swift; name = "TranscriptionLine.swift"; path = "GemmaTranscribe/Transcription/TranscriptionLine.swift"; sourceTree = "<group>"; };
		A3EBE418F5D14EB5A2945712 /* AboutAttributionView.swift */ = {isa = PBXFileReference; lastKnownFileType = sourcecode.swift; name = "AboutAttributionView.swift"; path = "GemmaTranscribe/Views/AboutAttributionView.swift"; sourceTree = "<group>"; };
		9013380F1F564A2F831CD739 /* HistoryView.swift */ = {isa = PBXFileReference; lastKnownFileType = sourcecode.swift; name = "HistoryView.swift"; path = "GemmaTranscribe/Views/HistoryView.swift"; sourceTree = "<group>"; };
		8CEA0F34DF9043F29B6D5CB2 /* HomeRecordingView.swift */ = {isa = PBXFileReference; lastKnownFileType = sourcecode.swift; name = "HomeRecordingView.swift"; path = "GemmaTranscribe/Views/HomeRecordingView.swift"; sourceTree = "<group>"; };
		770FF1FC97DF4818B97C72A5 /* ModelCardView.swift */ = {isa = PBXFileReference; lastKnownFileType = sourcecode.swift; name = "ModelCardView.swift"; path = "GemmaTranscribe/Views/ModelCardView.swift"; sourceTree = "<group>"; };
		282FE96B4E8F4ED4BF35AD0A /* ModelManagerView.swift */ = {isa = PBXFileReference; lastKnownFileType = sourcecode.swift; name = "ModelManagerView.swift"; path = "GemmaTranscribe/Views/ModelManagerView.swift"; sourceTree = "<group>"; };
		A66D644A16704FD4A5A5550A /* PostStopResultCardView.swift */ = {isa = PBXFileReference; lastKnownFileType = sourcecode.swift; name = "PostStopResultCardView.swift"; path = "GemmaTranscribe/Views/PostStopResultCardView.swift"; sourceTree = "<group>"; };
		E9AF60098DF24798ACC184C5 /* RealtimeTranscriptView.swift */ = {isa = PBXFileReference; lastKnownFileType = sourcecode.swift; name = "RealtimeTranscriptView.swift"; path = "GemmaTranscribe/Views/RealtimeTranscriptView.swift"; sourceTree = "<group>"; };
		8F32E5307F7440D8888AF3F7 /* SettingsView.swift */ = {isa = PBXFileReference; lastKnownFileType = sourcecode.swift; name = "SettingsView.swift"; path = "GemmaTranscribe/Views/SettingsView.swift"; sourceTree = "<group>"; };
		7CC9E6DD55BE476CA7183B06 /* TranscriptionDetailView.swift */ = {isa = PBXFileReference; lastKnownFileType = sourcecode.swift; name = "TranscriptionDetailView.swift"; path = "GemmaTranscribe/Views/TranscriptionDetailView.swift"; sourceTree = "<group>"; };
/* End PBXFileReference section */

/* Begin PBXFrameworksBuildPhase section */
		63025042762345B1BED3D444 /* Frameworks */ = {
			isa = PBXFrameworksBuildPhase;
			buildActionMask = 2147483647;
			files = (
			);
			runOnlyForDeploymentPostprocessing = 0;
		};
/* End PBXFrameworksBuildPhase section */

/* Begin PBXGroup section */
		941C8E085326490BB054F0D3 = {
			isa = PBXGroup;
			children = (
				9A13296AE1B74625B5F4690E /* GemmaTranscribe */,
				657735061A084FD59331A53C /* Products */,
			);
			sourceTree = "<group>";
		};
		657735061A084FD59331A53C /* Products */ = {
			isa = PBXGroup;
			children = (
				CFA1140C430449D7A11B794E /* GemmaTranscribe.app */,
			);
			name = Products;
			sourceTree = "<group>";
		};
		9A13296AE1B74625B5F4690E /* GemmaTranscribe */ = {
			isa = PBXGroup;
			children = (
				8D46112C2A3D4052BFC9E0EC /* AppConfig.swift */,
				BDFBF222BBFE422CB9EC0A45 /* ContentView.swift */,
				67D423B4B9E34B94B57E6BF4 /* DictationStatus.swift */,
				1A95A147A6D14CA4A3792CC8 /* GemmaTranscribeApp.swift */,
				0B88CEBBA48B492D90D19690 /* AudioSessionCoordinator.swift */,
				FE2C5DCA255F4FBE8A4B9F5B /* RecordingWaveformStore.swift */,
				B8DA58EDC07548278D4C7590 /* UnifiedAudioCapture.swift */,
				B3BDDB185EEF4FC28C8AED72 /* CloudflareBrainService.swift */,
				F4CE5FA916214C89B7DFECBF /* CloudflareResponse.swift */,
				826FE9E264EF4E078A14C2FC /* AnimatedMicButton.swift */,
				03B8421AB9E54DA5A2ED07BD /* AppColors.swift */,
				0DD4867BC61E42D6B67FF47D /* BrandWaveform.swift */,
				79005A97E7C14083B8E6EC22 /* DictusColors.swift */,
				3BC1583374294044A6D2062D /* GlassModifier.swift */,
				2EEA7825BE34461D910BD1A8 /* GlassBackgroundExtension.swift */,
				9036248E7A2B48F3964FC525 /* GlassBottomAccessory.swift */,
				7AA331DA8F59459B96AF7656 /* GlassButton.swift */,
				78F42CD6E78B44B19FCDD170 /* GlassCard.swift */,
				ACF706F8B6C241F08D051519 /* GlassColorContrast.swift */,
				0457D15F28D047DDB3A82DF5 /* GlassEffectContainer.swift */,
				52D485EC028849259488147C /* GlassMaterial.swift */,
				4138711334B34C14914D74D1 /* GlassMorphUnion.swift */,
				7601BA0571F9436ABEDFA7B9 /* GlassStyle.swift */,
				01FB513AA3FD4F26B42EE209 /* GlassTabBar.swift */,
				1F065B5BB26545CE91DE5386 /* GlassTintKey.swift */,
				693CA59F15D64D44894A6660 /* View+Glass.swift */,
				37566159A11649EC8C31B968 /* PersistentLog.swift */,
				B076E35112B641AA80AF6A9E /* ProcessingAnimation.swift */,
				BF4CE1AFC81440409536D40E /* ProcessingWaveform.swift */,
				7405E97629F8440099677273 /* SmartModeBadge.swift */,
				3015F2B0A88043E9B99F9F7C /* WaveformAnimation.swift */,
				90A9A8A1EB83415EB111A6E7 /* TranscriptionHistoryStore.swift */,
				903DBE1E6B274135BD609149 /* TranscriptionRecord.swift */,
				8A3CCA79819746FB86E094E2 /* HuggingFaceSearchService.swift */,
				320AA8E0260442B9A54635A5 /* LiteRTGemmaEngine.swift */,
				6A7D366BA5D740AFB556AE96 /* ModelInfo.swift */,
				DC1E6EAE07C043C4941FB5CA /* ModelManager.swift */,
				E5E49DC784B44079AB7EC7AA /* ModelRepoDownloader.swift */,
				756694E69CAE43E18FF1FF8D /* SpeechModelEngine.swift */,
				9830839D912741039725102B /* LiveTranscriptionCoordinator.swift */,
				260528DCAD1049AC881F3807 /* TranscriptCleaner.swift */,
				E9FDBA354D064A26A2EABAD5 /* TranscriptionLine.swift */,
				A3EBE418F5D14EB5A2945712 /* AboutAttributionView.swift */,
				9013380F1F564A2F831CD739 /* HistoryView.swift */,
				8CEA0F34DF9043F29B6D5CB2 /* HomeRecordingView.swift */,
				770FF1FC97DF4818B97C72A5 /* ModelCardView.swift */,
				282FE96B4E8F4ED4BF35AD0A /* ModelManagerView.swift */,
				A66D644A16704FD4A5A5550A /* PostStopResultCardView.swift */,
				E9AF60098DF24798ACC184C5 /* RealtimeTranscriptView.swift */,
				8F32E5307F7440D8888AF3F7 /* SettingsView.swift */,
				7CC9E6DD55BE476CA7183B06 /* TranscriptionDetailView.swift */,
				2253C148B2B34386A9DD088D /* Assets.xcassets */,
			);
			name = GemmaTranscribe;
			sourceTree = "<group>";
		};
/* End PBXGroup section */

/* Begin PBXNativeTarget section */
		618CE661A11246F0B0C8E968 /* GemmaTranscribe */ = {
			isa = PBXNativeTarget;
			buildConfigurationList = 739087066AB544A4AD74A843 /* Build configuration list for PBXNativeTarget "GemmaTranscribe" */;
			buildPhases = (
				A949AF7EDA2D42AFBE0B301B /* Sources */,
				63025042762345B1BED3D444 /* Frameworks */,
				273B8E6AD1044B0888F5F152 /* Resources */,
			);
			buildRules = (
			);
			dependencies = (
			);
			name = GemmaTranscribe;
			productName = GemmaTranscribe;
			productReference = CFA1140C430449D7A11B794E /* GemmaTranscribe.app */;
			productType = "com.apple.product-type.application";
		};
/* End PBXNativeTarget section */

/* Begin PBXProject section */
		3DA883A560544D0E9127BC10 /* Project object */ = {
			isa = PBXProject;
			attributes = {
				BuildIndependentTargetsInParallel = 1;
				LastSwiftUpdateCheck = 1600;
				LastUpgradeCheck = 1600;
				TargetAttributes = {
					618CE661A11246F0B0C8E968 = {
						CreatedOnToolsVersion = 16.0;
					};
				};
			};
			buildConfigurationList = 4004D9BD246D4CA7AC62958E /* Build configuration list for PBXProject "GemmaTranscribe" */;
			compatibilityVersion = "Xcode 14.0";
			developmentRegion = en;
			hasScannedForEncodings = 0;
			knownRegions = (
				en,
				Base,
			);
			mainGroup = 941C8E085326490BB054F0D3;
			productRefGroup = 657735061A084FD59331A53C /* Products */;
			projectDirPath = "";
			projectRoot = "";
			targets = (
				618CE661A11246F0B0C8E968 /* GemmaTranscribe */,
			);
		};
/* End PBXProject section */

/* Begin PBXResourcesBuildPhase section */
		273B8E6AD1044B0888F5F152 /* Resources */ = {
			isa = PBXResourcesBuildPhase;
			buildActionMask = 2147483647;
			files = (
				AC9752F788CA49DDA4162F2B /* Assets.xcassets in Resources */,
			);
			runOnlyForDeploymentPostprocessing = 0;
		};
/* End PBXResourcesBuildPhase section */

/* Begin PBXSourcesBuildPhase section */
		A949AF7EDA2D42AFBE0B301B /* Sources */ = {
			isa = PBXSourcesBuildPhase;
			buildActionMask = 2147483647;
			files = (
				957AA55567C9485F8BEEE74E /* AppConfig.swift in Sources */,
				F3CE4F5BA4D747A6BBFE1952 /* ContentView.swift in Sources */,
				DF8AFE5C96124F2BAD5B9470 /* DictationStatus.swift in Sources */,
				1009C2AC4D284288952416C6 /* GemmaTranscribeApp.swift in Sources */,
				CD019AB40C9C471980A34FD6 /* AudioSessionCoordinator.swift in Sources */,
				C81D1512237D4ABA9D4F7BC9 /* RecordingWaveformStore.swift in Sources */,
				AD7DFCFF6B3144AEBB0A3DD5 /* UnifiedAudioCapture.swift in Sources */,
				0858EDD2872F4B8081029CCF /* CloudflareBrainService.swift in Sources */,
				C30B065DC038451A99F4BE72 /* CloudflareResponse.swift in Sources */,
				2FB50C8D071B44B8AC4E0D59 /* AnimatedMicButton.swift in Sources */,
				EA4244E1AE164D138E1BB960 /* AppColors.swift in Sources */,
				E9A23E7968C444B998760DF8 /* BrandWaveform.swift in Sources */,
				3E8CD7C0DD89417F972B2E8C /* DictusColors.swift in Sources */,
				53F4555663E1416DB6576CD0 /* GlassModifier.swift in Sources */,
				A0CE049DF5944AE7A4887DC2 /* GlassBackgroundExtension.swift in Sources */,
				7B77CD0539BB4F20AFD39AE3 /* GlassBottomAccessory.swift in Sources */,
				95387A386E594AC1A7B20D47 /* GlassButton.swift in Sources */,
				067E2E24E61D4E10B3A77F76 /* GlassCard.swift in Sources */,
				9E298FE720B64D35963413F0 /* GlassColorContrast.swift in Sources */,
				B501F4FFB8C3445C92AB6C75 /* GlassEffectContainer.swift in Sources */,
				ABA511E9F1384DD38F020696 /* GlassMaterial.swift in Sources */,
				FB226C2DD27E44C89762E3DE /* GlassMorphUnion.swift in Sources */,
				D4CD74E75B9E4645BA07E070 /* GlassStyle.swift in Sources */,
				9CDBFC424F434781A8DFAE0C /* GlassTabBar.swift in Sources */,
				EA2CECA9186E4BDD8FE2AF9B /* GlassTintKey.swift in Sources */,
				FAE330991C6B4316B99B40A1 /* View+Glass.swift in Sources */,
				8EBE4AF60FED404FAE3AFB1B /* PersistentLog.swift in Sources */,
				7CAB1C5F37014BE3B92B219F /* ProcessingAnimation.swift in Sources */,
				1153C0E02B1C4349BCCBFA17 /* ProcessingWaveform.swift in Sources */,
				61A59C393D8040DEB2F49CC1 /* SmartModeBadge.swift in Sources */,
				09C9DF5128474A4DB9B67837 /* WaveformAnimation.swift in Sources */,
				81E94030D5464AF9B89C914A /* TranscriptionHistoryStore.swift in Sources */,
				25570A0FEFC74D73A77EF490 /* TranscriptionRecord.swift in Sources */,
				4DA11EEA439E47338EEF7F18 /* HuggingFaceSearchService.swift in Sources */,
				DABEF7983ECD46D89D2C7CF6 /* LiteRTGemmaEngine.swift in Sources */,
				9853F87BA3C747A199097AF5 /* ModelInfo.swift in Sources */,
				B287AEDFD61E4986924B04C0 /* ModelManager.swift in Sources */,
				BE6754B2D28C42C4BAE146E2 /* ModelRepoDownloader.swift in Sources */,
				C455B243373C4057AF743EF9 /* SpeechModelEngine.swift in Sources */,
				6A7D1F4E1824410DA900FAA0 /* LiveTranscriptionCoordinator.swift in Sources */,
				DE9490139FBA4BF4A93C0815 /* TranscriptCleaner.swift in Sources */,
				E8A6B209421E45B4B271EDEF /* TranscriptionLine.swift in Sources */,
				8C5AA198A27C4DAE8A2ABB9F /* AboutAttributionView.swift in Sources */,
				68DA65FA266144FB84880870 /* HistoryView.swift in Sources */,
				E740F5DAE5054999B2B2417E /* HomeRecordingView.swift in Sources */,
				6AF827CF8FB44A229371C200 /* ModelCardView.swift in Sources */,
				6E017F4460454F16BAB2280E /* ModelManagerView.swift in Sources */,
				456298C124E14454ADC7745D /* PostStopResultCardView.swift in Sources */,
				ECDB1A0442D04180BD030F89 /* RealtimeTranscriptView.swift in Sources */,
				6DDAFAE73CA54AAF9AEDAAC8 /* SettingsView.swift in Sources */,
				41C7A45D8DD546ECA09B457C /* TranscriptionDetailView.swift in Sources */,
			);
			runOnlyForDeploymentPostprocessing = 0;
		};
/* End PBXSourcesBuildPhase section */

/* Begin XCBuildConfiguration section */
		99CC6CE7A2734B0F8978ACB7 /* Debug */ = {
			isa = XCBuildConfiguration;
			buildSettings = {
				ALWAYS_SEARCH_USER_PATHS = NO;
				CLANG_ANALYZER_NONNULL = YES;
				CLANG_CXX_LANGUAGE_STANDARD = "gnu++20";
				CLANG_ENABLE_MODULES = YES;
				CLANG_ENABLE_OBJC_ARC = YES;
				COPY_PHASE_STRIP = NO;
				DEBUG_INFORMATION_FORMAT = dwarf;
				ENABLE_STRICT_OBJC_MSGSEND = YES;
				ENABLE_TESTABILITY = YES;
				GCC_DYNAMIC_NO_PIC = NO;
				GCC_NO_COMMON_BLOCKS = YES;
				GCC_OPTIMIZATION_LEVEL = 0;
				GCC_PREPROCESSOR_DEFINITIONS = (
					"DEBUG=1",
					"$(inherited)",
				);
				IPHONEOS_DEPLOYMENT_TARGET = 17.0;
				MTL_ENABLE_DEBUG_INFO = INCLUDE_SOURCE;
				MTL_FAST_MATH = YES;
				ONLY_ACTIVE_ARCH = YES;
				SDKROOT = iphoneos;
				SWIFT_ACTIVE_COMPILATION_CONDITIONS = "DEBUG $(inherited)";
				SWIFT_OPTIMIZATION_LEVEL = "-Onone";
			};
			name = Debug;
		};
		74846F8B94E8453384E5BB86 /* Release */ = {
			isa = XCBuildConfiguration;
			buildSettings = {
				ALWAYS_SEARCH_USER_PATHS = NO;
				CLANG_ANALYZER_NONNULL = YES;
				CLANG_CXX_LANGUAGE_STANDARD = "gnu++20";
				CLANG_ENABLE_MODULES = YES;
				CLANG_ENABLE_OBJC_ARC = YES;
				COPY_PHASE_STRIP = NO;
				DEBUG_INFORMATION_FORMAT = "dwarf-with-dsym";
				ENABLE_NS_ASSERTIONS = NO;
				ENABLE_STRICT_OBJC_MSGSEND = YES;
				GCC_NO_COMMON_BLOCKS = YES;
				IPHONEOS_DEPLOYMENT_TARGET = 17.0;
				MTL_ENABLE_DEBUG_INFO = NO;
				MTL_FAST_MATH = YES;
				SDKROOT = iphoneos;
				SWIFT_COMPILATION_MODE = wholemodule;
				SWIFT_OPTIMIZATION_LEVEL = "-O";
				VALIDATE_PRODUCT = YES;
			};
			name = Release;
		};
		10B525F9D26442AB9A524158 /* Debug */ = {
			isa = XCBuildConfiguration;
			buildSettings = {
				ASSETCATALOG_COMPILER_APPICON_NAME = AppIcon;
				CODE_SIGN_ENTITLEMENTS = GemmaTranscribe/Resources/GemmaTranscribe.entitlements;
				CODE_SIGN_IDENTITY = "";
				CODE_SIGN_STYLE = Manual;
				CODE_SIGNING_ALLOWED = NO;
				CODE_SIGNING_REQUIRED = NO;
				DEVELOPMENT_TEAM = "";
				GENERATE_INFOPLIST_FILE = NO;
				INFOPLIST_FILE = GemmaTranscribe/Resources/Info.plist;
				IPHONEOS_DEPLOYMENT_TARGET = 17.0;
				LD_RUNPATH_SEARCH_PATHS = (
					"$(inherited)",
					"@executable_path/Frameworks",
				);
				PRODUCT_BUNDLE_IDENTIFIER = com.gemmatranscribe.app;
				PRODUCT_NAME = "$(TARGET_NAME)";
				SWIFT_EMIT_LOC_STRINGS = YES;
				SWIFT_VERSION = 5.9;
				TARGETED_DEVICE_FAMILY = "1,2";
			};
			name = Debug;
		};
		69C08A227C044230AEB5D4B3 /* Release */ = {
			isa = XCBuildConfiguration;
			buildSettings = {
				ASSETCATALOG_COMPILER_APPICON_NAME = AppIcon;
				CODE_SIGN_ENTITLEMENTS = GemmaTranscribe/Resources/GemmaTranscribe.entitlements;
				CODE_SIGN_IDENTITY = "";
				CODE_SIGN_STYLE = Manual;
				CODE_SIGNING_ALLOWED = NO;
				CODE_SIGNING_REQUIRED = NO;
				DEVELOPMENT_TEAM = "";
				GENERATE_INFOPLIST_FILE = NO;
				INFOPLIST_FILE = GemmaTranscribe/Resources/Info.plist;
				IPHONEOS_DEPLOYMENT_TARGET = 17.0;
				LD_RUNPATH_SEARCH_PATHS = (
					"$(inherited)",
					"@executable_path/Frameworks",
				);
				PRODUCT_BUNDLE_IDENTIFIER = com.gemmatranscribe.app;
				PRODUCT_NAME = "$(TARGET_NAME)";
				SWIFT_EMIT_LOC_STRINGS = YES;
				SWIFT_VERSION = 5.9;
				TARGETED_DEVICE_FAMILY = "1,2";
			};
			name = Release;
		};
/* End XCBuildConfiguration section */

/* Begin XCConfigurationList section */
		4004D9BD246D4CA7AC62958E /* Build configuration list for PBXProject "GemmaTranscribe" */ = {
			isa = XCConfigurationList;
			buildConfigurations = (
				99CC6CE7A2734B0F8978ACB7 /* Debug */,
				74846F8B94E8453384E5BB86 /* Release */,
			);
			defaultConfigurationIsVisible = 0;
			defaultConfigurationName = Release;
		};
		739087066AB544A4AD74A843 /* Build configuration list for PBXNativeTarget "GemmaTranscribe" */ = {
			isa = XCConfigurationList;
			buildConfigurations = (
				10B525F9D26442AB9A524158 /* Debug */,
				69C08A227C044230AEB5D4B3 /* Release */,
			);
			defaultConfigurationIsVisible = 0;
			defaultConfigurationName = Release;
		};
/* End XCConfigurationList section */
	};
	rootObject = 3DA883A560544D0E9127BC10 /* Project object */;
}
