// !$*UTF8*$!
{
	archiveVersion = 1;
	classes = {
	};
	objectVersion = 56;
	objects = {

/* Begin PBXBuildFile section */
		07798471F8584A35858302E3 /* Assets.xcassets in Resources */ = {isa = PBXBuildFile; fileRef = CE5883442D564CDE9498152C /* Assets.xcassets */; };
		B2252313D5024A3F9D447C98 /* AppConfig.swift in Sources */ = {isa = PBXBuildFile; fileRef = A8E9CD96DC044ADC9A0756D9 /* AppConfig.swift */; };
		AFECBCA580234B48AB5704E3 /* ContentView.swift in Sources */ = {isa = PBXBuildFile; fileRef = 29018943F50F499EA75090C3 /* ContentView.swift */; };
		861BFD339FD44DE28F8CD020 /* DictationStatus.swift in Sources */ = {isa = PBXBuildFile; fileRef = 70CCD10E105C44C4AE8E7828 /* DictationStatus.swift */; };
		27BA23C1988741DCBF984500 /* GemmaTranscribeApp.swift in Sources */ = {isa = PBXBuildFile; fileRef = 02D2FC053ADB44EB9A3909E1 /* GemmaTranscribeApp.swift */; };
		030F836EBCA445F8BA0F429A /* AudioSessionCoordinator.swift in Sources */ = {isa = PBXBuildFile; fileRef = 3B4583D4B490426D8075B547 /* AudioSessionCoordinator.swift */; };
		69507CA0ACA0422A9D72AE91 /* RecordingWaveformStore.swift in Sources */ = {isa = PBXBuildFile; fileRef = E9380AC1D10E4BDEA0586F57 /* RecordingWaveformStore.swift */; };
		98CE315F6B6D424F9DA50C35 /* UnifiedAudioCapture.swift in Sources */ = {isa = PBXBuildFile; fileRef = B39E8496DEA3499BB4A04E31 /* UnifiedAudioCapture.swift */; };
		A1EB46BCE0834D91B1A2FF53 /* CloudflareBrainService.swift in Sources */ = {isa = PBXBuildFile; fileRef = 4CBF39865CFF4DE88B8E8E0B /* CloudflareBrainService.swift */; };
		61D75E39ED4548B5BBC644AF /* CloudflareResponse.swift in Sources */ = {isa = PBXBuildFile; fileRef = B073DCF552D749A1A5DEF41D /* CloudflareResponse.swift */; };
		7D2BC99E86F04F3FB439F9C7 /* AnimatedMicButton.swift in Sources */ = {isa = PBXBuildFile; fileRef = 85112A2B036B48C298506230 /* AnimatedMicButton.swift */; };
		9EAB4BE4A3F44DD482E99765 /* AppColors.swift in Sources */ = {isa = PBXBuildFile; fileRef = 9BA741D73AED448789084852 /* AppColors.swift */; };
		953D352200324757882DC28B /* BrandWaveform.swift in Sources */ = {isa = PBXBuildFile; fileRef = 9F0D83649463409EB9E66390 /* BrandWaveform.swift */; };
		21EDDC60984B49ECAB8DFD87 /* DictusColors.swift in Sources */ = {isa = PBXBuildFile; fileRef = 4604AAE15D4D42BD8D5311D8 /* DictusColors.swift */; };
		5A2851DACE6340B1BCBE10E5 /* GlassModifier.swift in Sources */ = {isa = PBXBuildFile; fileRef = 93F39AB283694845AF779FCA /* GlassModifier.swift */; };
		F1B44D3865CD445DA9A13360 /* GlassBackgroundExtension.swift in Sources */ = {isa = PBXBuildFile; fileRef = 52373B20E0534928BA438825 /* GlassBackgroundExtension.swift */; };
		B4CD5FF14B9C4449A9761B1E /* GlassBottomAccessory.swift in Sources */ = {isa = PBXBuildFile; fileRef = 78AE5DD598F34DD5AFBC445F /* GlassBottomAccessory.swift */; };
		DD5053D38E334124ADC33194 /* GlassButton.swift in Sources */ = {isa = PBXBuildFile; fileRef = 9E59E4F6554A44A1B53455A5 /* GlassButton.swift */; };
		100492E254E94F55A9145F0F /* GlassCard.swift in Sources */ = {isa = PBXBuildFile; fileRef = 5E3564FFBFF0413C9CCCF356 /* GlassCard.swift */; };
		FB14899DEB554D4D96906090 /* GlassColorContrast.swift in Sources */ = {isa = PBXBuildFile; fileRef = 4AA61BA10B924861ACCF9812 /* GlassColorContrast.swift */; };
		D6E5070906DC4DD2A21FA687 /* GlassEffectContainer.swift in Sources */ = {isa = PBXBuildFile; fileRef = A32FBDC424914035B31B724E /* GlassEffectContainer.swift */; };
		1B346C664A1E45989C3BF88C /* GlassMaterial.swift in Sources */ = {isa = PBXBuildFile; fileRef = 153E4B657486490BA95E1C28 /* GlassMaterial.swift */; };
		EE0B9140C493442DB2B6A1A9 /* GlassMorphUnion.swift in Sources */ = {isa = PBXBuildFile; fileRef = C4247163E4B4469695ED9858 /* GlassMorphUnion.swift */; };
		3E4E24ED888544F4847D2B17 /* GlassStyle.swift in Sources */ = {isa = PBXBuildFile; fileRef = DBF78A4E390E4B9A9AA3867C /* GlassStyle.swift */; };
		23A0380F2C8F49739E8B72E0 /* GlassTabBar.swift in Sources */ = {isa = PBXBuildFile; fileRef = 3BBCBAC294D2430999726543 /* GlassTabBar.swift */; };
		BA556E7F7D9A4F61887FA170 /* GlassTintKey.swift in Sources */ = {isa = PBXBuildFile; fileRef = 3AA45519D8B74A20B241881C /* GlassTintKey.swift */; };
		1E169572135C47C5B658BE04 /* View+Glass.swift in Sources */ = {isa = PBXBuildFile; fileRef = 565A59C60C6D417F8A24B2CE /* View+Glass.swift */; };
		532B1F6A00604208B3C54548 /* PersistentLog.swift in Sources */ = {isa = PBXBuildFile; fileRef = 7A3BC8F022F746349C6717AA /* PersistentLog.swift */; };
		BA5E61AE5D6E449A99D941A9 /* ProcessingAnimation.swift in Sources */ = {isa = PBXBuildFile; fileRef = 57C538C54E3D4C18806BCCA8 /* ProcessingAnimation.swift */; };
		08B0A9F03F4A41ADBEB9F4C2 /* ProcessingWaveform.swift in Sources */ = {isa = PBXBuildFile; fileRef = 6E8EC4216BD64F1883DF644A /* ProcessingWaveform.swift */; };
		3E4CEF3A0DE04E80B26BD005 /* SmartModeBadge.swift in Sources */ = {isa = PBXBuildFile; fileRef = BE66D881F51145838B6A30B2 /* SmartModeBadge.swift */; };
		D8D78166AB8E4341AFE7EDA6 /* WaveformAnimation.swift in Sources */ = {isa = PBXBuildFile; fileRef = DB3415126CBE4077933A459C /* WaveformAnimation.swift */; };
		006DA54CE9E14D82958BE00B /* TranscriptionHistoryStore.swift in Sources */ = {isa = PBXBuildFile; fileRef = E96EFD8FDAD24C52A2F34FB1 /* TranscriptionHistoryStore.swift */; };
		5D20116902094F6F876D6A3B /* TranscriptionRecord.swift in Sources */ = {isa = PBXBuildFile; fileRef = 547D3F4E4A544E66BAAD5C6F /* TranscriptionRecord.swift */; };
		4D9B511D4F2F44298B574217 /* HuggingFaceSearchService.swift in Sources */ = {isa = PBXBuildFile; fileRef = 63A9F6964BF94FB7A43ECB3D /* HuggingFaceSearchService.swift */; };
		CBA8C63E4C1747F79DCAE986 /* LiteRTGemmaEngine.swift in Sources */ = {isa = PBXBuildFile; fileRef = C162529914BF410CBA3C62F2 /* LiteRTGemmaEngine.swift */; };
		7157D181DE244351BCBEC05C /* ModelInfo.swift in Sources */ = {isa = PBXBuildFile; fileRef = 691248590BC74ECF98850CE1 /* ModelInfo.swift */; };
		90998E68CA544F159DEFAA8B /* ModelManager.swift in Sources */ = {isa = PBXBuildFile; fileRef = F35FB344BACD44ECA15148E9 /* ModelManager.swift */; };
		CC7EF58B8E2840F4BA458F58 /* ModelRepoDownloader.swift in Sources */ = {isa = PBXBuildFile; fileRef = C4D426B5344F48B59F4BCA9E /* ModelRepoDownloader.swift */; };
		A097D850AB474787A85E10A5 /* SpeechModelEngine.swift in Sources */ = {isa = PBXBuildFile; fileRef = 17E195FB3017441E91C439C3 /* SpeechModelEngine.swift */; };
		95CB13292D4B47CFAE41F298 /* LiveTranscriptionCoordinator.swift in Sources */ = {isa = PBXBuildFile; fileRef = CDCA152EA0E54E7E9DD24B62 /* LiveTranscriptionCoordinator.swift */; };
		DDB1AF1BB5524F63B34AACBA /* TranscriptCleaner.swift in Sources */ = {isa = PBXBuildFile; fileRef = BECDF004CA0C46CE8CFF326F /* TranscriptCleaner.swift */; };
		A4D77B8EF3494B7EB5ED3CCB /* TranscriptionLine.swift in Sources */ = {isa = PBXBuildFile; fileRef = BCD8E2159A344F1885D8EE69 /* TranscriptionLine.swift */; };
		904DB3E987CD43A9AE60D6CB /* AboutAttributionView.swift in Sources */ = {isa = PBXBuildFile; fileRef = 8731D83F7BE34F6F87ED4304 /* AboutAttributionView.swift */; };
		EABCCC7DA6F94393827FBEDA /* HistoryView.swift in Sources */ = {isa = PBXBuildFile; fileRef = 36903DACF44F43198E2B8442 /* HistoryView.swift */; };
		ADC3B864412746D281FD091C /* HomeRecordingView.swift in Sources */ = {isa = PBXBuildFile; fileRef = 3465F7DDFBE44EF193EC6E1B /* HomeRecordingView.swift */; };
		D725815527D44168999EB5D4 /* ModelCardView.swift in Sources */ = {isa = PBXBuildFile; fileRef = 281ECDBC71274E3CA6ED780C /* ModelCardView.swift */; };
		709F1BE7977746D0935B1106 /* ModelManagerView.swift in Sources */ = {isa = PBXBuildFile; fileRef = 1BD15678BC1F47918FA290AB /* ModelManagerView.swift */; };
		001A1FE59FFB4ADE9A1BE963 /* PostStopResultCardView.swift in Sources */ = {isa = PBXBuildFile; fileRef = FAADFEAAC7AA4376BDCB9EE0 /* PostStopResultCardView.swift */; };
		9B5E7DDD40EA48D3AC8F2772 /* RealtimeTranscriptView.swift in Sources */ = {isa = PBXBuildFile; fileRef = E7421E2ED6CF4DCF8193985F /* RealtimeTranscriptView.swift */; };
		3F1EAB323EE148E1A9CCB724 /* SettingsView.swift in Sources */ = {isa = PBXBuildFile; fileRef = DBCA8AFD46EA488E90422F56 /* SettingsView.swift */; };
		5D04E47957C7446FAFF9BE4D /* TranscriptionDetailView.swift in Sources */ = {isa = PBXBuildFile; fileRef = 1AFFCFB8F7644440B305394B /* TranscriptionDetailView.swift */; };
/* End PBXBuildFile section */

/* Begin PBXFileReference section */
		6B624F7294634A32A1EB96A8 /* GemmaTranscribe.app */ = {isa = PBXFileReference; explicitFileType = wrapper.application; includeInIndex = 0; path = GemmaTranscribe.app; sourceTree = BUILT_PRODUCTS_DIR; };
		CE5883442D564CDE9498152C /* Assets.xcassets */ = {isa = PBXFileReference; lastKnownFileType = folder.assetcatalog; name = Assets.xcassets; path = "GemmaTranscribe/Resources/Assets.xcassets"; sourceTree = "<group>"; };
		A8E9CD96DC044ADC9A0756D9 /* AppConfig.swift */ = {isa = PBXFileReference; lastKnownFileType = sourcecode.swift; name = "AppConfig.swift"; path = "GemmaTranscribe/App/AppConfig.swift"; sourceTree = "<group>"; };
		29018943F50F499EA75090C3 /* ContentView.swift */ = {isa = PBXFileReference; lastKnownFileType = sourcecode.swift; name = "ContentView.swift"; path = "GemmaTranscribe/App/ContentView.swift"; sourceTree = "<group>"; };
		70CCD10E105C44C4AE8E7828 /* DictationStatus.swift */ = {isa = PBXFileReference; lastKnownFileType = sourcecode.swift; name = "DictationStatus.swift"; path = "GemmaTranscribe/App/DictationStatus.swift"; sourceTree = "<group>"; };
		02D2FC053ADB44EB9A3909E1 /* GemmaTranscribeApp.swift */ = {isa = PBXFileReference; lastKnownFileType = sourcecode.swift; name = "GemmaTranscribeApp.swift"; path = "GemmaTranscribe/App/GemmaTranscribeApp.swift"; sourceTree = "<group>"; };
		3B4583D4B490426D8075B547 /* AudioSessionCoordinator.swift */ = {isa = PBXFileReference; lastKnownFileType = sourcecode.swift; name = "AudioSessionCoordinator.swift"; path = "GemmaTranscribe/Audio/AudioSessionCoordinator.swift"; sourceTree = "<group>"; };
		E9380AC1D10E4BDEA0586F57 /* RecordingWaveformStore.swift */ = {isa = PBXFileReference; lastKnownFileType = sourcecode.swift; name = "RecordingWaveformStore.swift"; path = "GemmaTranscribe/Audio/RecordingWaveformStore.swift"; sourceTree = "<group>"; };
		B39E8496DEA3499BB4A04E31 /* UnifiedAudioCapture.swift */ = {isa = PBXFileReference; lastKnownFileType = sourcecode.swift; name = "UnifiedAudioCapture.swift"; path = "GemmaTranscribe/Audio/UnifiedAudioCapture.swift"; sourceTree = "<group>"; };
		4CBF39865CFF4DE88B8E8E0B /* CloudflareBrainService.swift */ = {isa = PBXFileReference; lastKnownFileType = sourcecode.swift; name = "CloudflareBrainService.swift"; path = "GemmaTranscribe/Cloudflare/CloudflareBrainService.swift"; sourceTree = "<group>"; };
		B073DCF552D749A1A5DEF41D /* CloudflareResponse.swift */ = {isa = PBXFileReference; lastKnownFileType = sourcecode.swift; name = "CloudflareResponse.swift"; path = "GemmaTranscribe/Cloudflare/CloudflareResponse.swift"; sourceTree = "<group>"; };
		85112A2B036B48C298506230 /* AnimatedMicButton.swift */ = {isa = PBXFileReference; lastKnownFileType = sourcecode.swift; name = "AnimatedMicButton.swift"; path = "GemmaTranscribe/Design/AnimatedMicButton.swift"; sourceTree = "<group>"; };
		9BA741D73AED448789084852 /* AppColors.swift */ = {isa = PBXFileReference; lastKnownFileType = sourcecode.swift; name = "AppColors.swift"; path = "GemmaTranscribe/Design/AppColors.swift"; sourceTree = "<group>"; };
		9F0D83649463409EB9E66390 /* BrandWaveform.swift */ = {isa = PBXFileReference; lastKnownFileType = sourcecode.swift; name = "BrandWaveform.swift"; path = "GemmaTranscribe/Design/BrandWaveform.swift"; sourceTree = "<group>"; };
		4604AAE15D4D42BD8D5311D8 /* DictusColors.swift */ = {isa = PBXFileReference; lastKnownFileType = sourcecode.swift; name = "DictusColors.swift"; path = "GemmaTranscribe/Design/DictusColors.swift"; sourceTree = "<group>"; };
		93F39AB283694845AF779FCA /* GlassModifier.swift */ = {isa = PBXFileReference; lastKnownFileType = sourcecode.swift; name = "GlassModifier.swift"; path = "GemmaTranscribe/Design/GlassModifier.swift"; sourceTree = "<group>"; };
		52373B20E0534928BA438825 /* GlassBackgroundExtension.swift */ = {isa = PBXFileReference; lastKnownFileType = sourcecode.swift; name = "GlassBackgroundExtension.swift"; path = "GemmaTranscribe/Design/LiquidGlass/GlassBackgroundExtension.swift"; sourceTree = "<group>"; };
		78AE5DD598F34DD5AFBC445F /* GlassBottomAccessory.swift */ = {isa = PBXFileReference; lastKnownFileType = sourcecode.swift; name = "GlassBottomAccessory.swift"; path = "GemmaTranscribe/Design/LiquidGlass/GlassBottomAccessory.swift"; sourceTree = "<group>"; };
		9E59E4F6554A44A1B53455A5 /* GlassButton.swift */ = {isa = PBXFileReference; lastKnownFileType = sourcecode.swift; name = "GlassButton.swift"; path = "GemmaTranscribe/Design/LiquidGlass/GlassButton.swift"; sourceTree = "<group>"; };
		5E3564FFBFF0413C9CCCF356 /* GlassCard.swift */ = {isa = PBXFileReference; lastKnownFileType = sourcecode.swift; name = "GlassCard.swift"; path = "GemmaTranscribe/Design/LiquidGlass/GlassCard.swift"; sourceTree = "<group>"; };
		4AA61BA10B924861ACCF9812 /* GlassColorContrast.swift */ = {isa = PBXFileReference; lastKnownFileType = sourcecode.swift; name = "GlassColorContrast.swift"; path = "GemmaTranscribe/Design/LiquidGlass/GlassColorContrast.swift"; sourceTree = "<group>"; };
		A32FBDC424914035B31B724E /* GlassEffectContainer.swift */ = {isa = PBXFileReference; lastKnownFileType = sourcecode.swift; name = "GlassEffectContainer.swift"; path = "GemmaTranscribe/Design/LiquidGlass/GlassEffectContainer.swift"; sourceTree = "<group>"; };
		153E4B657486490BA95E1C28 /* GlassMaterial.swift */ = {isa = PBXFileReference; lastKnownFileType = sourcecode.swift; name = "GlassMaterial.swift"; path = "GemmaTranscribe/Design/LiquidGlass/GlassMaterial.swift"; sourceTree = "<group>"; };
		C4247163E4B4469695ED9858 /* GlassMorphUnion.swift */ = {isa = PBXFileReference; lastKnownFileType = sourcecode.swift; name = "GlassMorphUnion.swift"; path = "GemmaTranscribe/Design/LiquidGlass/GlassMorphUnion.swift"; sourceTree = "<group>"; };
		DBF78A4E390E4B9A9AA3867C /* GlassStyle.swift */ = {isa = PBXFileReference; lastKnownFileType = sourcecode.swift; name = "GlassStyle.swift"; path = "GemmaTranscribe/Design/LiquidGlass/GlassStyle.swift"; sourceTree = "<group>"; };
		3BBCBAC294D2430999726543 /* GlassTabBar.swift */ = {isa = PBXFileReference; lastKnownFileType = sourcecode.swift; name = "GlassTabBar.swift"; path = "GemmaTranscribe/Design/LiquidGlass/GlassTabBar.swift"; sourceTree = "<group>"; };
		3AA45519D8B74A20B241881C /* GlassTintKey.swift */ = {isa = PBXFileReference; lastKnownFileType = sourcecode.swift; name = "GlassTintKey.swift"; path = "GemmaTranscribe/Design/LiquidGlass/GlassTintKey.swift"; sourceTree = "<group>"; };
		565A59C60C6D417F8A24B2CE /* View+Glass.swift */ = {isa = PBXFileReference; lastKnownFileType = sourcecode.swift; name = "View+Glass.swift"; path = "GemmaTranscribe/Design/LiquidGlass/View+Glass.swift"; sourceTree = "<group>"; };
		7A3BC8F022F746349C6717AA /* PersistentLog.swift */ = {isa = PBXFileReference; lastKnownFileType = sourcecode.swift; name = "PersistentLog.swift"; path = "GemmaTranscribe/Design/PersistentLog.swift"; sourceTree = "<group>"; };
		57C538C54E3D4C18806BCCA8 /* ProcessingAnimation.swift */ = {isa = PBXFileReference; lastKnownFileType = sourcecode.swift; name = "ProcessingAnimation.swift"; path = "GemmaTranscribe/Design/ProcessingAnimation.swift"; sourceTree = "<group>"; };
		6E8EC4216BD64F1883DF644A /* ProcessingWaveform.swift */ = {isa = PBXFileReference; lastKnownFileType = sourcecode.swift; name = "ProcessingWaveform.swift"; path = "GemmaTranscribe/Design/ProcessingWaveform.swift"; sourceTree = "<group>"; };
		BE66D881F51145838B6A30B2 /* SmartModeBadge.swift */ = {isa = PBXFileReference; lastKnownFileType = sourcecode.swift; name = "SmartModeBadge.swift"; path = "GemmaTranscribe/Design/SmartModeBadge.swift"; sourceTree = "<group>"; };
		DB3415126CBE4077933A459C /* WaveformAnimation.swift */ = {isa = PBXFileReference; lastKnownFileType = sourcecode.swift; name = "WaveformAnimation.swift"; path = "GemmaTranscribe/Design/WaveformAnimation.swift"; sourceTree = "<group>"; };
		E96EFD8FDAD24C52A2F34FB1 /* TranscriptionHistoryStore.swift */ = {isa = PBXFileReference; lastKnownFileType = sourcecode.swift; name = "TranscriptionHistoryStore.swift"; path = "GemmaTranscribe/History/TranscriptionHistoryStore.swift"; sourceTree = "<group>"; };
		547D3F4E4A544E66BAAD5C6F /* TranscriptionRecord.swift */ = {isa = PBXFileReference; lastKnownFileType = sourcecode.swift; name = "TranscriptionRecord.swift"; path = "GemmaTranscribe/History/TranscriptionRecord.swift"; sourceTree = "<group>"; };
		63A9F6964BF94FB7A43ECB3D /* HuggingFaceSearchService.swift */ = {isa = PBXFileReference; lastKnownFileType = sourcecode.swift; name = "HuggingFaceSearchService.swift"; path = "GemmaTranscribe/Models/HuggingFaceSearchService.swift"; sourceTree = "<group>"; };
		C162529914BF410CBA3C62F2 /* LiteRTGemmaEngine.swift */ = {isa = PBXFileReference; lastKnownFileType = sourcecode.swift; name = "LiteRTGemmaEngine.swift"; path = "GemmaTranscribe/Models/LiteRTGemmaEngine.swift"; sourceTree = "<group>"; };
		691248590BC74ECF98850CE1 /* ModelInfo.swift */ = {isa = PBXFileReference; lastKnownFileType = sourcecode.swift; name = "ModelInfo.swift"; path = "GemmaTranscribe/Models/ModelInfo.swift"; sourceTree = "<group>"; };
		F35FB344BACD44ECA15148E9 /* ModelManager.swift */ = {isa = PBXFileReference; lastKnownFileType = sourcecode.swift; name = "ModelManager.swift"; path = "GemmaTranscribe/Models/ModelManager.swift"; sourceTree = "<group>"; };
		C4D426B5344F48B59F4BCA9E /* ModelRepoDownloader.swift */ = {isa = PBXFileReference; lastKnownFileType = sourcecode.swift; name = "ModelRepoDownloader.swift"; path = "GemmaTranscribe/Models/ModelRepoDownloader.swift"; sourceTree = "<group>"; };
		17E195FB3017441E91C439C3 /* SpeechModelEngine.swift */ = {isa = PBXFileReference; lastKnownFileType = sourcecode.swift; name = "SpeechModelEngine.swift"; path = "GemmaTranscribe/Models/SpeechModelEngine.swift"; sourceTree = "<group>"; };
		CDCA152EA0E54E7E9DD24B62 /* LiveTranscriptionCoordinator.swift */ = {isa = PBXFileReference; lastKnownFileType = sourcecode.swift; name = "LiveTranscriptionCoordinator.swift"; path = "GemmaTranscribe/Transcription/LiveTranscriptionCoordinator.swift"; sourceTree = "<group>"; };
		BECDF004CA0C46CE8CFF326F /* TranscriptCleaner.swift */ = {isa = PBXFileReference; lastKnownFileType = sourcecode.swift; name = "TranscriptCleaner.swift"; path = "GemmaTranscribe/Transcription/TranscriptCleaner.swift"; sourceTree = "<group>"; };
		BCD8E2159A344F1885D8EE69 /* TranscriptionLine.swift */ = {isa = PBXFileReference; lastKnownFileType = sourcecode.swift; name = "TranscriptionLine.swift"; path = "GemmaTranscribe/Transcription/TranscriptionLine.swift"; sourceTree = "<group>"; };
		8731D83F7BE34F6F87ED4304 /* AboutAttributionView.swift */ = {isa = PBXFileReference; lastKnownFileType = sourcecode.swift; name = "AboutAttributionView.swift"; path = "GemmaTranscribe/Views/AboutAttributionView.swift"; sourceTree = "<group>"; };
		36903DACF44F43198E2B8442 /* HistoryView.swift */ = {isa = PBXFileReference; lastKnownFileType = sourcecode.swift; name = "HistoryView.swift"; path = "GemmaTranscribe/Views/HistoryView.swift"; sourceTree = "<group>"; };
		3465F7DDFBE44EF193EC6E1B /* HomeRecordingView.swift */ = {isa = PBXFileReference; lastKnownFileType = sourcecode.swift; name = "HomeRecordingView.swift"; path = "GemmaTranscribe/Views/HomeRecordingView.swift"; sourceTree = "<group>"; };
		281ECDBC71274E3CA6ED780C /* ModelCardView.swift */ = {isa = PBXFileReference; lastKnownFileType = sourcecode.swift; name = "ModelCardView.swift"; path = "GemmaTranscribe/Views/ModelCardView.swift"; sourceTree = "<group>"; };
		1BD15678BC1F47918FA290AB /* ModelManagerView.swift */ = {isa = PBXFileReference; lastKnownFileType = sourcecode.swift; name = "ModelManagerView.swift"; path = "GemmaTranscribe/Views/ModelManagerView.swift"; sourceTree = "<group>"; };
		FAADFEAAC7AA4376BDCB9EE0 /* PostStopResultCardView.swift */ = {isa = PBXFileReference; lastKnownFileType = sourcecode.swift; name = "PostStopResultCardView.swift"; path = "GemmaTranscribe/Views/PostStopResultCardView.swift"; sourceTree = "<group>"; };
		E7421E2ED6CF4DCF8193985F /* RealtimeTranscriptView.swift */ = {isa = PBXFileReference; lastKnownFileType = sourcecode.swift; name = "RealtimeTranscriptView.swift"; path = "GemmaTranscribe/Views/RealtimeTranscriptView.swift"; sourceTree = "<group>"; };
		DBCA8AFD46EA488E90422F56 /* SettingsView.swift */ = {isa = PBXFileReference; lastKnownFileType = sourcecode.swift; name = "SettingsView.swift"; path = "GemmaTranscribe/Views/SettingsView.swift"; sourceTree = "<group>"; };
		1AFFCFB8F7644440B305394B /* TranscriptionDetailView.swift */ = {isa = PBXFileReference; lastKnownFileType = sourcecode.swift; name = "TranscriptionDetailView.swift"; path = "GemmaTranscribe/Views/TranscriptionDetailView.swift"; sourceTree = "<group>"; };
/* End PBXFileReference section */

/* Begin PBXFrameworksBuildPhase section */
		6FF345CA45064D6697444366 /* Frameworks */ = {
			isa = PBXFrameworksBuildPhase;
			buildActionMask = 2147483647;
			files = (
			);
			runOnlyForDeploymentPostprocessing = 0;
		};
/* End PBXFrameworksBuildPhase section */

/* Begin PBXGroup section */
		9948BAAFE70C40E093C13F49 = {
			isa = PBXGroup;
			children = (
				2636A64FB5D841A28565E441 /* GemmaTranscribe */,
				BF017CC7D156443397DD9034 /* Products */,
			);
			sourceTree = "<group>";
		};
		BF017CC7D156443397DD9034 /* Products */ = {
			isa = PBXGroup;
			children = (
				6B624F7294634A32A1EB96A8 /* GemmaTranscribe.app */,
			);
			name = Products;
			sourceTree = "<group>";
		};
		2636A64FB5D841A28565E441 /* GemmaTranscribe */ = {
			isa = PBXGroup;
			children = (
				A8E9CD96DC044ADC9A0756D9 /* AppConfig.swift */,
				29018943F50F499EA75090C3 /* ContentView.swift */,
				70CCD10E105C44C4AE8E7828 /* DictationStatus.swift */,
				02D2FC053ADB44EB9A3909E1 /* GemmaTranscribeApp.swift */,
				3B4583D4B490426D8075B547 /* AudioSessionCoordinator.swift */,
				E9380AC1D10E4BDEA0586F57 /* RecordingWaveformStore.swift */,
				B39E8496DEA3499BB4A04E31 /* UnifiedAudioCapture.swift */,
				4CBF39865CFF4DE88B8E8E0B /* CloudflareBrainService.swift */,
				B073DCF552D749A1A5DEF41D /* CloudflareResponse.swift */,
				85112A2B036B48C298506230 /* AnimatedMicButton.swift */,
				9BA741D73AED448789084852 /* AppColors.swift */,
				9F0D83649463409EB9E66390 /* BrandWaveform.swift */,
				4604AAE15D4D42BD8D5311D8 /* DictusColors.swift */,
				93F39AB283694845AF779FCA /* GlassModifier.swift */,
				52373B20E0534928BA438825 /* GlassBackgroundExtension.swift */,
				78AE5DD598F34DD5AFBC445F /* GlassBottomAccessory.swift */,
				9E59E4F6554A44A1B53455A5 /* GlassButton.swift */,
				5E3564FFBFF0413C9CCCF356 /* GlassCard.swift */,
				4AA61BA10B924861ACCF9812 /* GlassColorContrast.swift */,
				A32FBDC424914035B31B724E /* GlassEffectContainer.swift */,
				153E4B657486490BA95E1C28 /* GlassMaterial.swift */,
				C4247163E4B4469695ED9858 /* GlassMorphUnion.swift */,
				DBF78A4E390E4B9A9AA3867C /* GlassStyle.swift */,
				3BBCBAC294D2430999726543 /* GlassTabBar.swift */,
				3AA45519D8B74A20B241881C /* GlassTintKey.swift */,
				565A59C60C6D417F8A24B2CE /* View+Glass.swift */,
				7A3BC8F022F746349C6717AA /* PersistentLog.swift */,
				57C538C54E3D4C18806BCCA8 /* ProcessingAnimation.swift */,
				6E8EC4216BD64F1883DF644A /* ProcessingWaveform.swift */,
				BE66D881F51145838B6A30B2 /* SmartModeBadge.swift */,
				DB3415126CBE4077933A459C /* WaveformAnimation.swift */,
				E96EFD8FDAD24C52A2F34FB1 /* TranscriptionHistoryStore.swift */,
				547D3F4E4A544E66BAAD5C6F /* TranscriptionRecord.swift */,
				63A9F6964BF94FB7A43ECB3D /* HuggingFaceSearchService.swift */,
				C162529914BF410CBA3C62F2 /* LiteRTGemmaEngine.swift */,
				691248590BC74ECF98850CE1 /* ModelInfo.swift */,
				F35FB344BACD44ECA15148E9 /* ModelManager.swift */,
				C4D426B5344F48B59F4BCA9E /* ModelRepoDownloader.swift */,
				17E195FB3017441E91C439C3 /* SpeechModelEngine.swift */,
				CDCA152EA0E54E7E9DD24B62 /* LiveTranscriptionCoordinator.swift */,
				BECDF004CA0C46CE8CFF326F /* TranscriptCleaner.swift */,
				BCD8E2159A344F1885D8EE69 /* TranscriptionLine.swift */,
				8731D83F7BE34F6F87ED4304 /* AboutAttributionView.swift */,
				36903DACF44F43198E2B8442 /* HistoryView.swift */,
				3465F7DDFBE44EF193EC6E1B /* HomeRecordingView.swift */,
				281ECDBC71274E3CA6ED780C /* ModelCardView.swift */,
				1BD15678BC1F47918FA290AB /* ModelManagerView.swift */,
				FAADFEAAC7AA4376BDCB9EE0 /* PostStopResultCardView.swift */,
				E7421E2ED6CF4DCF8193985F /* RealtimeTranscriptView.swift */,
				DBCA8AFD46EA488E90422F56 /* SettingsView.swift */,
				1AFFCFB8F7644440B305394B /* TranscriptionDetailView.swift */,
				CE5883442D564CDE9498152C /* Assets.xcassets */,
			);
			name = GemmaTranscribe;
			sourceTree = "<group>";
		};
/* End PBXGroup section */

/* Begin PBXNativeTarget section */
		A970C100ED9C41FFA8CBBE27 /* GemmaTranscribe */ = {
			isa = PBXNativeTarget;
			buildConfigurationList = 111FD75EDE4348BE80498558 /* Build configuration list for PBXNativeTarget "GemmaTranscribe" */;
			buildPhases = (
				E3917CF70E5F49B1BB1AEA84 /* Sources */,
				6FF345CA45064D6697444366 /* Frameworks */,
				AE2773F042EB416E90D68FEB /* Resources */,
			);
			buildRules = (
			);
			dependencies = (
			);
			name = GemmaTranscribe;
			productName = GemmaTranscribe;
			productReference = 6B624F7294634A32A1EB96A8 /* GemmaTranscribe.app */;
			productType = "com.apple.product-type.application";
		};
/* End PBXNativeTarget section */

/* Begin PBXProject section */
		5416A4877132468CB777D602 /* Project object */ = {
			isa = PBXProject;
			attributes = {
				BuildIndependentTargetsInParallel = 1;
				LastSwiftUpdateCheck = 1600;
				LastUpgradeCheck = 1600;
				TargetAttributes = {
					A970C100ED9C41FFA8CBBE27 = {
						CreatedOnToolsVersion = 16.0;
					};
				};
			};
			buildConfigurationList = B00F69ABB9264F4A85D85EC6 /* Build configuration list for PBXProject "GemmaTranscribe" */;
			compatibilityVersion = "Xcode 14.0";
			developmentRegion = en;
			hasScannedForEncodings = 0;
			knownRegions = (
				en,
				Base,
			);
			mainGroup = 9948BAAFE70C40E093C13F49;
			productRefGroup = BF017CC7D156443397DD9034 /* Products */;
			projectDirPath = "";
			projectRoot = "";
			targets = (
				A970C100ED9C41FFA8CBBE27 /* GemmaTranscribe */,
			);
		};
/* End PBXProject section */

/* Begin PBXResourcesBuildPhase section */
		AE2773F042EB416E90D68FEB /* Resources */ = {
			isa = PBXResourcesBuildPhase;
			buildActionMask = 2147483647;
			files = (
				07798471F8584A35858302E3 /* Assets.xcassets in Resources */,
			);
			runOnlyForDeploymentPostprocessing = 0;
		};
/* End PBXResourcesBuildPhase section */

/* Begin PBXSourcesBuildPhase section */
		E3917CF70E5F49B1BB1AEA84 /* Sources */ = {
			isa = PBXSourcesBuildPhase;
			buildActionMask = 2147483647;
			files = (
				B2252313D5024A3F9D447C98 /* AppConfig.swift in Sources */,
				AFECBCA580234B48AB5704E3 /* ContentView.swift in Sources */,
				861BFD339FD44DE28F8CD020 /* DictationStatus.swift in Sources */,
				27BA23C1988741DCBF984500 /* GemmaTranscribeApp.swift in Sources */,
				030F836EBCA445F8BA0F429A /* AudioSessionCoordinator.swift in Sources */,
				69507CA0ACA0422A9D72AE91 /* RecordingWaveformStore.swift in Sources */,
				98CE315F6B6D424F9DA50C35 /* UnifiedAudioCapture.swift in Sources */,
				A1EB46BCE0834D91B1A2FF53 /* CloudflareBrainService.swift in Sources */,
				61D75E39ED4548B5BBC644AF /* CloudflareResponse.swift in Sources */,
				7D2BC99E86F04F3FB439F9C7 /* AnimatedMicButton.swift in Sources */,
				9EAB4BE4A3F44DD482E99765 /* AppColors.swift in Sources */,
				953D352200324757882DC28B /* BrandWaveform.swift in Sources */,
				21EDDC60984B49ECAB8DFD87 /* DictusColors.swift in Sources */,
				5A2851DACE6340B1BCBE10E5 /* GlassModifier.swift in Sources */,
				F1B44D3865CD445DA9A13360 /* GlassBackgroundExtension.swift in Sources */,
				B4CD5FF14B9C4449A9761B1E /* GlassBottomAccessory.swift in Sources */,
				DD5053D38E334124ADC33194 /* GlassButton.swift in Sources */,
				100492E254E94F55A9145F0F /* GlassCard.swift in Sources */,
				FB14899DEB554D4D96906090 /* GlassColorContrast.swift in Sources */,
				D6E5070906DC4DD2A21FA687 /* GlassEffectContainer.swift in Sources */,
				1B346C664A1E45989C3BF88C /* GlassMaterial.swift in Sources */,
				EE0B9140C493442DB2B6A1A9 /* GlassMorphUnion.swift in Sources */,
				3E4E24ED888544F4847D2B17 /* GlassStyle.swift in Sources */,
				23A0380F2C8F49739E8B72E0 /* GlassTabBar.swift in Sources */,
				BA556E7F7D9A4F61887FA170 /* GlassTintKey.swift in Sources */,
				1E169572135C47C5B658BE04 /* View+Glass.swift in Sources */,
				532B1F6A00604208B3C54548 /* PersistentLog.swift in Sources */,
				BA5E61AE5D6E449A99D941A9 /* ProcessingAnimation.swift in Sources */,
				08B0A9F03F4A41ADBEB9F4C2 /* ProcessingWaveform.swift in Sources */,
				3E4CEF3A0DE04E80B26BD005 /* SmartModeBadge.swift in Sources */,
				D8D78166AB8E4341AFE7EDA6 /* WaveformAnimation.swift in Sources */,
				006DA54CE9E14D82958BE00B /* TranscriptionHistoryStore.swift in Sources */,
				5D20116902094F6F876D6A3B /* TranscriptionRecord.swift in Sources */,
				4D9B511D4F2F44298B574217 /* HuggingFaceSearchService.swift in Sources */,
				CBA8C63E4C1747F79DCAE986 /* LiteRTGemmaEngine.swift in Sources */,
				7157D181DE244351BCBEC05C /* ModelInfo.swift in Sources */,
				90998E68CA544F159DEFAA8B /* ModelManager.swift in Sources */,
				CC7EF58B8E2840F4BA458F58 /* ModelRepoDownloader.swift in Sources */,
				A097D850AB474787A85E10A5 /* SpeechModelEngine.swift in Sources */,
				95CB13292D4B47CFAE41F298 /* LiveTranscriptionCoordinator.swift in Sources */,
				DDB1AF1BB5524F63B34AACBA /* TranscriptCleaner.swift in Sources */,
				A4D77B8EF3494B7EB5ED3CCB /* TranscriptionLine.swift in Sources */,
				904DB3E987CD43A9AE60D6CB /* AboutAttributionView.swift in Sources */,
				EABCCC7DA6F94393827FBEDA /* HistoryView.swift in Sources */,
				ADC3B864412746D281FD091C /* HomeRecordingView.swift in Sources */,
				D725815527D44168999EB5D4 /* ModelCardView.swift in Sources */,
				709F1BE7977746D0935B1106 /* ModelManagerView.swift in Sources */,
				001A1FE59FFB4ADE9A1BE963 /* PostStopResultCardView.swift in Sources */,
				9B5E7DDD40EA48D3AC8F2772 /* RealtimeTranscriptView.swift in Sources */,
				3F1EAB323EE148E1A9CCB724 /* SettingsView.swift in Sources */,
				5D04E47957C7446FAFF9BE4D /* TranscriptionDetailView.swift in Sources */,
			);
			runOnlyForDeploymentPostprocessing = 0;
		};
/* End PBXSourcesBuildPhase section */

/* Begin XCBuildConfiguration section */
		EFD4EE00127B4711AEF2772A /* Debug */ = {
			isa = XCBuildConfiguration;
			buildSettings = {
				ALWAYS_SEARCH_USER_PATHS = NO;
				CLANG_ANALYZER_NONNULL = YES;
				CLANG_CXX_LANGUAGE_STANDARD = "gnu++20";
				CLANG_ENABLE_MODULES = YES;
				CLANG_ENABLE_OBJC_ARC = YES;
				COPY_PHASE_STRIP = NO;
				DEBUG_INFORMATION_FORMAT = dwarf;
				ENABLE_STRICT_OBJC_MSGSEND = YES;
				ENABLE_TESTABILITY = YES;
				GCC_DYNAMIC_NO_PIC = NO;
				GCC_NO_COMMON_BLOCKS = YES;
				GCC_OPTIMIZATION_LEVEL = 0;
				GCC_PREPROCESSOR_DEFINITIONS = (
					"DEBUG=1",
					"$(inherited)",
				);
				IPHONEOS_DEPLOYMENT_TARGET = 17.0;
				MTL_ENABLE_DEBUG_INFO = INCLUDE_SOURCE;
				MTL_FAST_MATH = YES;
				ONLY_ACTIVE_ARCH = YES;
				SDKROOT = iphoneos;
				SWIFT_ACTIVE_COMPILATION_CONDITIONS = "DEBUG $(inherited)";
				SWIFT_OPTIMIZATION_LEVEL = "-Onone";
			};
			name = Debug;
		};
		C59944B4C12741BDB1713C68 /* Release */ = {
			isa = XCBuildConfiguration;
			buildSettings = {
				ALWAYS_SEARCH_USER_PATHS = NO;
				CLANG_ANALYZER_NONNULL = YES;
				CLANG_CXX_LANGUAGE_STANDARD = "gnu++20";
				CLANG_ENABLE_MODULES = YES;
				CLANG_ENABLE_OBJC_ARC = YES;
				COPY_PHASE_STRIP = NO;
				DEBUG_INFORMATION_FORMAT = "dwarf-with-dsym";
				ENABLE_NS_ASSERTIONS = NO;
				ENABLE_STRICT_OBJC_MSGSEND = YES;
				GCC_NO_COMMON_BLOCKS = YES;
				IPHONEOS_DEPLOYMENT_TARGET = 17.0;
				MTL_ENABLE_DEBUG_INFO = NO;
				MTL_FAST_MATH = YES;
				SDKROOT = iphoneos;
				SWIFT_COMPILATION_MODE = wholemodule;
				SWIFT_OPTIMIZATION_LEVEL = "-O";
				VALIDATE_PRODUCT = YES;
			};
			name = Release;
		};
		61AE3473893343239196F898 /* Debug */ = {
			isa = XCBuildConfiguration;
			buildSettings = {
				ASSETCATALOG_COMPILER_APPICON_NAME = AppIcon;
				CODE_SIGN_ENTITLEMENTS = GemmaTranscribe/Resources/GemmaTranscribe.entitlements;
				CODE_SIGN_IDENTITY = "";
				CODE_SIGN_STYLE = Manual;
				CODE_SIGNING_ALLOWED = NO;
				CODE_SIGNING_REQUIRED = NO;
				DEVELOPMENT_TEAM = "";
				GENERATE_INFOPLIST_FILE = NO;
				INFOPLIST_FILE = GemmaTranscribe/Resources/Info.plist;
				IPHONEOS_DEPLOYMENT_TARGET = 17.0;
				LD_RUNPATH_SEARCH_PATHS = (
					"$(inherited)",
					"@executable_path/Frameworks",
				);
				PRODUCT_BUNDLE_IDENTIFIER = com.gemmatranscribe.app;
				PRODUCT_NAME = "$(TARGET_NAME)";
				SWIFT_EMIT_LOC_STRINGS = YES;
				SWIFT_VERSION = 5.9;
				TARGETED_DEVICE_FAMILY = "1,2";
			};
			name = Debug;
		};
		B90214EB3413488D97AEBCCA /* Release */ = {
			isa = XCBuildConfiguration;
			buildSettings = {
				ASSETCATALOG_COMPILER_APPICON_NAME = AppIcon;
				CODE_SIGN_ENTITLEMENTS = GemmaTranscribe/Resources/GemmaTranscribe.entitlements;
				CODE_SIGN_IDENTITY = "";
				CODE_SIGN_STYLE = Manual;
				CODE_SIGNING_ALLOWED = NO;
				CODE_SIGNING_REQUIRED = NO;
				DEVELOPMENT_TEAM = "";
				GENERATE_INFOPLIST_FILE = NO;
				INFOPLIST_FILE = GemmaTranscribe/Resources/Info.plist;
				IPHONEOS_DEPLOYMENT_TARGET = 17.0;
				LD_RUNPATH_SEARCH_PATHS = (
					"$(inherited)",
					"@executable_path/Frameworks",
				);
				PRODUCT_BUNDLE_IDENTIFIER = com.gemmatranscribe.app;
				PRODUCT_NAME = "$(TARGET_NAME)";
				SWIFT_EMIT_LOC_STRINGS = YES;
				SWIFT_VERSION = 5.9;
				TARGETED_DEVICE_FAMILY = "1,2";
			};
			name = Release;
		};
/* End XCBuildConfiguration section */

/* Begin XCConfigurationList section */
		B00F69ABB9264F4A85D85EC6 /* Build configuration list for PBXProject "GemmaTranscribe" */ = {
			isa = XCConfigurationList;
			buildConfigurations = (
				EFD4EE00127B4711AEF2772A /* Debug */,
				C59944B4C12741BDB1713C68 /* Release */,
			);
			defaultConfigurationIsVisible = 0;
			defaultConfigurationName = Release;
		};
		111FD75EDE4348BE80498558 /* Build configuration list for PBXNativeTarget "GemmaTranscribe" */ = {
			isa = XCConfigurationList;
			buildConfigurations = (
				61AE3473893343239196F898 /* Debug */,
				B90214EB3413488D97AEBCCA /* Release */,
			);
			defaultConfigurationIsVisible = 0;
			defaultConfigurationName = Release;
		};
/* End XCConfigurationList section */
	};
	rootObject = 5416A4877132468CB777D602 /* Project object */;
}
